// !$*UTF8*$!
{
	archiveVersion = 1;
	classes = {
	};
	objectVersion = 77;
	objects = {

/* Begin PBXBuildFile section */
		DD9A30372F8162EE00007CFF /* WidgetKit.framework in Frameworks */ = {isa = PBXBuildFile; fileRef = DD9A30362F8162EE00007CFF /* WidgetKit.framework */; };
		DD9A30392F8162EE00007CFF /* SwiftUI.framework in Frameworks */ = {isa = PBXBuildFile; fileRef = DD9A30382F8162EE00007CFF /* SwiftUI.framework */; };
		DD9A304A2F8162F000007CFF /* swift-ereader-widgetExtension.appex in Embed Foundation Extensions */ = {isa = PBXBuildFile; fileRef = DD9A30352F8162EE00007CFF /* swift-ereader-widgetExtension.appex */; settings = {ATTRIBUTES = (RemoveHeadersOnCopy, ); }; };
		DDC890B32F7848F3008727F0 /* ReadiumNavigator in Frameworks */ = {isa = PBXBuildFile; productRef = DDC890B22F7848F3008727F0 /* ReadiumNavigator */; };
		DDC890B82F785E4B008727F0 /* ReadiumStreamer in Frameworks */ = {isa = PBXBuildFile; productRef = DDC890B72F785E4B008727F0 /* ReadiumStreamer */; };
		DDC890BC2F785F38008727F0 /* ReadiumShared in Frameworks */ = {isa = PBXBuildFile; productRef = DDC890BB2F785F38008727F0 /* ReadiumShared */; };
/* End PBXBuildFile section */

/* Begin PBXContainerItemProxy section */
		DD9A30482F8162F000007CFF /* PBXContainerItemProxy */ = {
			isa = PBXContainerItemProxy;
			containerPortal = DD2D48072F4268600087196B /* Project object */;
			proxyType = 1;
			remoteGlobalIDString = DD9A30342F8162EE00007CFF;
			remoteInfo = "swift-ereader-widgetExtension";
		};
/* End PBXContainerItemProxy section */

/* Begin PBXCopyFilesBuildPhase section */
		DD9A304F2F8162F000007CFF /* Embed Foundation Extensions */ = {
			isa = PBXCopyFilesBuildPhase;
			buildActionMask = 2147483647;
			dstPath = "";
			dstSubfolderSpec = 13;
			files = (
				DD9A304A2F8162F000007CFF /* swift-ereader-widgetExtension.appex in Embed Foundation Extensions */,
			);
			name = "Embed Foundation Extensions";
			runOnlyForDeploymentPostprocessing = 0;
		};
/* End PBXCopyFilesBuildPhase section */

/* Begin PBXFileReference section */
		DD2D480F2F4268600087196B /* swift-ereader.app */ = {isa = PBXFileReference; explicitFileType = wrapper.application; includeInIndex = 0; path = "swift-ereader.app"; sourceTree = BUILT_PRODUCTS_DIR; };
		DD9A30352F8162EE00007CFF /* swift-ereader-widgetExtension.appex */ = {isa = PBXFileReference; explicitFileType = "wrapper.app-extension"; includeInIndex = 0; path = "swift-ereader-widgetExtension.appex"; sourceTree = BUILT_PRODUCTS_DIR; };
		DD9A30362F8162EE00007CFF /* WidgetKit.framework */ = {isa = PBXFileReference; lastKnownFileType = wrapper.framework; name = WidgetKit.framework; path = System/Library/Frameworks/WidgetKit.framework; sourceTree = SDKROOT; };
		DD9A30382F8162EE00007CFF /* SwiftUI.framework */ = {isa = PBXFileReference; lastKnownFileType = wrapper.framework; name = SwiftUI.framework; path = System/Library/Frameworks/SwiftUI.framework; sourceTree = SDKROOT; };
		DD9A30512F8163AA00007CFF /* swift-ereader-widgetExtension.entitlements */ = {isa = PBXFileReference; lastKnownFileType = text.plist.entitlements; path = "swift-ereader-widgetExtension.entitlements"; sourceTree = "<group>"; };
/* End PBXFileReference section */

/* Begin PBXFileSystemSynchronizedBuildFileExceptionSet section */
		DD9A304B2F8162F000007CFF /* Exceptions for "swift-ereader-widget" folder in "swift-ereader-widgetExtension" target */ = {
			isa = PBXFileSystemSynchronizedBuildFileExceptionSet;
			membershipExceptions = (
				Info.plist,
			);
			target = DD9A30342F8162EE00007CFF /* swift-ereader-widgetExtension */;
		};
		DD9A30532F8163FE00007CFF /* Exceptions for "swift-ereader" folder in "swift-ereader-widgetExtension" target */ = {
			isa = PBXFileSystemSynchronizedBuildFileExceptionSet;
			membershipExceptions = (
				Models/Book.swift,
				Models/Bookmark.swift,
				Models/ReadingSession.swift,
			);
			target = DD9A30342F8162EE00007CFF /* swift-ereader-widgetExtension */;
		};
/* End PBXFileSystemSynchronizedBuildFileExceptionSet section */

/* Begin PBXFileSystemSynchronizedRootGroup section */
		DD2D48112F4268600087196B /* swift-ereader */ = {
			isa = PBXFileSystemSynchronizedRootGroup;
			exceptions = (
				DD9A30532F8163FE00007CFF /* Exceptions for "swift-ereader" folder in "swift-ereader-widgetExtension" target */,
			);
			path = "swift-ereader";
			sourceTree = "<group>";
		};
		DD9A303A2F8162EE00007CFF /* swift-ereader-widget */ = {
			isa = PBXFileSystemSynchronizedRootGroup;
			exceptions = (
				DD9A304B2F8162F000007CFF /* Exceptions for "swift-ereader-widget" folder in "swift-ereader-widgetExtension" target */,
			);
			path = "swift-ereader-widget";
			sourceTree = "<group>";
		};
/* End PBXFileSystemSynchronizedRootGroup section */

/* Begin PBXFrameworksBuildPhase section */
		DD2D480C2F4268600087196B /* Frameworks */ = {
			isa = PBXFrameworksBuildPhase;
			buildActionMask = 2147483647;
			files = (
				DDC890B32F7848F3008727F0 /* ReadiumNavigator in Frameworks */,
				DDC890BC2F785F38008727F0 /* ReadiumShared in Frameworks */,
				DDC890B82F785E4B008727F0 /* ReadiumStreamer in Frameworks */,
			);
			runOnlyForDeploymentPostprocessing = 0;
		};
		DD9A30322F8162EE00007CFF /* Frameworks */ = {
			isa = PBXFrameworksBuildPhase;
			buildActionMask = 2147483647;
			files = (
				DD9A30392F8162EE00007CFF /* SwiftUI.framework in Frameworks */,
				DD9A30372F8162EE00007CFF /* WidgetKit.framework in Frameworks */,
			);
			runOnlyForDeploymentPostprocessing = 0;
		};
/* End PBXFrameworksBuildPhase section */

/* Begin PBXGroup section */
		DD2D48062F4268600087196B = {
			isa = PBXGroup;
			children = (
				DD9A30512F8163AA00007CFF /* swift-ereader-widgetExtension.entitlements */,
				DD2D48112F4268600087196B /* swift-ereader */,
				DD9A303A2F8162EE00007CFF /* swift-ereader-widget */,
				DDC890B62F785E4A008727F0 /* Frameworks */,
				DD2D48102F4268600087196B /* Products */,
			);
			sourceTree = "<group>";
		};
		DD2D48102F4268600087196B /* Products */ = {
			isa = PBXGroup;
			children = (
				DD2D480F2F4268600087196B /* swift-ereader.app */,
				DD9A30352F8162EE00007CFF /* swift-ereader-widgetExtension.appex */,
			);
			name = Products;
			sourceTree = "<group>";
		};
		DDC890B62F785E4A008727F0 /* Frameworks */ = {
			isa = PBXGroup;
			children = (
				DD9A30362F8162EE00007CFF /* WidgetKit.framework */,
				DD9A30382F8162EE00007CFF /* SwiftUI.framework */,
			);
			name = Frameworks;
			sourceTree = "<group>";
		};
/* End PBXGroup section */

/* Begin PBXNativeTarget section */
		DD2D480E2F4268600087196B /* swift-ereader */ = {
			isa = PBXNativeTarget;
			buildConfigurationList = DD2D481A2F4268620087196B /* Build configuration list for PBXNativeTarget "swift-ereader" */;
			buildPhases = (
				DD2D480B2F4268600087196B /* Sources */,
				DD2D480C2F4268600087196B /* Frameworks */,
				DD2D480D2F4268600087196B /* Resources */,
				DD9A304F2F8162F000007CFF /* Embed Foundation Extensions */,
			);
			buildRules = (
			);
			dependencies = (
				DD9A30492F8162F000007CFF /* PBXTargetDependency */,
			);
			fileSystemSynchronizedGroups = (
				DD2D48112F4268600087196B /* swift-ereader */,
			);
			name = "swift-ereader";
			packageProductDependencies = (
				DDC890B22F7848F3008727F0 /* ReadiumNavigator */,
				DDC890B72F785E4B008727F0 /* ReadiumStreamer */,
				DDC890BB2F785F38008727F0 /* ReadiumShared */,
			);
			productName = "swift-ereader";
			productReference = DD2D480F2F4268600087196B /* swift-ereader.app */;
			productType = "com.apple.product-type.application";
		};
		DD9A30342F8162EE00007CFF /* swift-ereader-widgetExtension */ = {
			isa = PBXNativeTarget;
			buildConfigurationList = DD9A304C2F8162F000007CFF /* Build configuration list for PBXNativeTarget "swift-ereader-widgetExtension" */;
			buildPhases = (
				DD9A30312F8162EE00007CFF /* Sources */,
				DD9A30322F8162EE00007CFF /* Frameworks */,
				DD9A30332F8162EE00007CFF /* Resources */,
			);
			buildRules = (
			);
			dependencies = (
			);
			fileSystemSynchronizedGroups = (
				DD9A303A2F8162EE00007CFF /* swift-ereader-widget */,
			);
			name = "swift-ereader-widgetExtension";
			packageProductDependencies = (
			);
			productName = "swift-ereader-widgetExtension";
			productReference = DD9A30352F8162EE00007CFF /* swift-ereader-widgetExtension.appex */;
			productType = "com.apple.product-type.app-extension";
		};
/* End PBXNativeTarget section */

/* Begin PBXProject section */
		DD2D48072F4268600087196B /* Project object */ = {
			isa = PBXProject;
			attributes = {
				BuildIndependentTargetsInParallel = 1;
				LastSwiftUpdateCheck = 2630;
				LastUpgradeCheck = 2620;
				TargetAttributes = {
					DD2D480E2F4268600087196B = {
						CreatedOnToolsVersion = 26.2;
					};
					DD9A30342F8162EE00007CFF = {
						CreatedOnToolsVersion = 26.3;
					};
				};
			};
			buildConfigurationList = DD2D480A2F4268600087196B /* Build configuration list for PBXProject "swift-ereader" */;
			developmentRegion = en;
			hasScannedForEncodings = 0;
			knownRegions = (
				en,
				Base,
			);
			mainGroup = DD2D48062F4268600087196B;
			minimizedProjectReferenceProxies = 1;
			packageReferences = (
				DDC890B12F7848F3008727F0 /* XCRemoteSwiftPackageReference "swift-toolkit" */,
			);
			preferredProjectObjectVersion = 77;
			productRefGroup = DD2D48102F4268600087196B /* Products */;
			projectDirPath = "";
			projectRoot = "";
			targets = (
				DD2D480E2F4268600087196B /* swift-ereader */,
				DD9A30342F8162EE00007CFF /* swift-ereader-widgetExtension */,
			);
		};
/* End PBXProject section */

/* Begin PBXResourcesBuildPhase section */
		DD2D480D2F4268600087196B /* Resources */ = {
			isa = PBXResourcesBuildPhase;
			buildActionMask = 2147483647;
			files = (
			);
			runOnlyForDeploymentPostprocessing = 0;
		};
		DD9A30332F8162EE00007CFF /* Resources */ = {
			isa = PBXResourcesBuildPhase;
			buildActionMask = 2147483647;
			files = (
			);
			runOnlyForDeploymentPostprocessing = 0;
		};
/* End PBXResourcesBuildPhase section */

/* Begin PBXSourcesBuildPhase section */
		DD2D480B2F4268600087196B /* Sources */ = {
			isa = PBXSourcesBuildPhase;
			buildActionMask = 2147483647;
			files = (
			);
			runOnlyForDeploymentPostprocessing = 0;
		};
		DD9A30312F8162EE00007CFF /* Sources */ = {
			isa = PBXSourcesBuildPhase;
			buildActionMask = 2147483647;
			files = (
			);
			runOnlyForDeploymentPostprocessing = 0;
		};
/* End PBXSourcesBuildPhase section */

/* Begin PBXTargetDependency section */
		DD9A30492F8162F000007CFF /* PBXTargetDependency */ = {
			isa = PBXTargetDependency;
			target = DD9A30342F8162EE00007CFF /* swift-ereader-widgetExtension */;
			targetProxy = DD9A30482F8162F000007CFF /* PBXContainerItemProxy */;
		};
/* End PBXTargetDependency section */

/* Begin XCBuildConfiguration section */
		DD2D48182F4268620087196B /* Debug */ = {
			isa = XCBuildConfiguration;
			buildSettings = {
				ALWAYS_SEARCH_USER_PATHS = NO;
				ASSETCATALOG_COMPILER_GENERATE_SWIFT_ASSET_SYMBOL_EXTENSIONS = YES;
				CLANG_ANALYZER_NONNULL = YES;
				CLANG_ANALYZER_NUMBER_OBJECT_CONVERSION = YES_AGGRESSIVE;
				CLANG_CXX_LANGUAGE_STANDARD = "gnu++20";
				CLANG_ENABLE_MODULES = YES;
				CLANG_ENABLE_OBJC_ARC = YES;
				CLANG_ENABLE_OBJC_WEAK = YES;
				CLANG_WARN_BLOCK_CAPTURE_AUTORELEASING = YES;
				CLANG_WARN_BOOL_CONVERSION = YES;
				CLANG_WARN_COMMA = YES;
				CLANG_WARN_CONSTANT_CONVERSION = YES;
				CLANG_WARN_DEPRECATED_OBJC_IMPLEMENTATIONS = YES;
				CLANG_WARN_DIRECT_OBJC_ISA_USAGE = YES_ERROR;
				CLANG_WARN_DOCUMENTATION_COMMENTS = YES;
				CLANG_WARN_EMPTY_BODY = YES;
				CLANG_WARN_ENUM_CONVERSION = YES;
				CLANG_WARN_INFINITE_RECURSION = YES;
				CLANG_WARN_INT_CONVERSION = YES;
				CLANG_WARN_NON_LITERAL_NULL_CONVERSION = YES;
				CLANG_WARN_OBJC_IMPLICIT_RETAIN_SELF = YES;
				CLANG_WARN_OBJC_LITERAL_CONVERSION = YES;
				CLANG_WARN_OBJC_ROOT_CLASS = YES_ERROR;
				CLANG_WARN_QUOTED_INCLUDE_IN_FRAMEWORK_HEADER = YES;
				CLANG_WARN_RANGE_LOOP_ANALYSIS = YES;
				CLANG_WARN_STRICT_PROTOTYPES = YES;
				CLANG_WARN_SUSPICIOUS_MOVE = YES;
				CLANG_WARN_UNGUARDED_AVAILABILITY = YES_AGGRESSIVE;
				CLANG_WARN_UNREACHABLE_CODE = YES;
				CLANG_WARN__DUPLICATE_METHOD_MATCH = YES;
				COPY_PHASE_STRIP = NO;
				DEBUG_INFORMATION_FORMAT = dwarf;
				ENABLE_STRICT_OBJC_MSGSEND = YES;
				ENABLE_TESTABILITY = YES;
				ENABLE_USER_SCRIPT_SANDBOXING = YES;
				GCC_C_LANGUAGE_STANDARD = gnu17;
				GCC_DYNAMIC_NO_PIC = NO;
				GCC_NO_COMMON_BLOCKS = YES;
				GCC_OPTIMIZATION_LEVEL = 0;
				GCC_PREPROCESSOR_DEFINITIONS = (
					"DEBUG=1",
					"$(inherited)",
				);
				GCC_WARN_64_TO_32_BIT_CONVERSION = YES;
				GCC_WARN_ABOUT_RETURN_TYPE = YES_ERROR;
				GCC_WARN_UNDECLARED_SELECTOR = YES;
				GCC_WARN_UNINITIALIZED_AUTOS = YES_AGGRESSIVE;
				GCC_WARN_UNUSED_FUNCTION = YES;
				GCC_WARN_UNUSED_VARIABLE = YES;
				IPHONEOS_DEPLOYMENT_TARGET = 18.0;
				LOCALIZATION_PREFERS_STRING_CATALOGS = YES;
				MTL_ENABLE_DEBUG_INFO = INCLUDE_SOURCE;
				MTL_FAST_MATH = YES;
				ONLY_ACTIVE_ARCH = YES;
				SDKROOT = iphoneos;
				SWIFT_ACTIVE_COMPILATION_CONDITIONS = "DEBUG $(inherited)";
				SWIFT_OPTIMIZATION_LEVEL = "-Onone";
			};
			name = Debug;
		};
		DD2D48192F4268620087196B /* Release */ = {
			isa = XCBuildConfiguration;
			buildSettings = {
				ALWAYS_SEARCH_USER_PATHS = NO;
				ASSETCATALOG_COMPILER_GENERATE_SWIFT_ASSET_SYMBOL_EXTENSIONS = YES;
				CLANG_ANALYZER_NONNULL = YES;
				CLANG_ANALYZER_NUMBER_OBJECT_CONVERSION = YES_AGGRESSIVE;
				CLANG_CXX_LANGUAGE_STANDARD = "gnu++20";
				CLANG_ENABLE_MODULES = YES;
				CLANG_ENABLE_OBJC_ARC = YES;
				CLANG_ENABLE_OBJC_WEAK = YES;
				CLANG_WARN_BLOCK_CAPTURE_AUTORELEASING = YES;
				CLANG_WARN_BOOL_CONVERSION = YES;
				CLANG_WARN_COMMA = YES;
				CLANG_WARN_CONSTANT_CONVERSION = YES;
				CLANG_WARN_DEPRECATED_OBJC_IMPLEMENTATIONS = YES;
				CLANG_WARN_DIRECT_OBJC_ISA_USAGE = YES_ERROR;
				CLANG_WARN_DOCUMENTATION_COMMENTS = YES;
				CLANG_WARN_EMPTY_BODY = YES;
				CLANG_WARN_ENUM_CONVERSION = YES;
				CLANG_WARN_INFINITE_RECURSION = YES;
				CLANG_WARN_INT_CONVERSION = YES;
				CLANG_WARN_NON_LITERAL_NULL_CONVERSION = YES;
				CLANG_WARN_OBJC_IMPLICIT_RETAIN_SELF = YES;
				CLANG_WARN_OBJC_LITERAL_CONVERSION = YES;
				CLANG_WARN_OBJC_ROOT_CLASS = YES_ERROR;
				CLANG_WARN_QUOTED_INCLUDE_IN_FRAMEWORK_HEADER = YES;
				CLANG_WARN_RANGE_LOOP_ANALYSIS = YES;
				CLANG_WARN_STRICT_PROTOTYPES = YES;
				CLANG_WARN_SUSPICIOUS_MOVE = YES;
				CLANG_WARN_UNGUARDED_AVAILABILITY = YES_AGGRESSIVE;
				CLANG_WARN_UNREACHABLE_CODE = YES;
				CLANG_WARN__DUPLICATE_METHOD_MATCH = YES;
				COPY_PHASE_STRIP = NO;
				DEBUG_INFORMATION_FORMAT = "dwarf-with-dsym";
				ENABLE_NS_ASSERTIONS = NO;
				ENABLE_STRICT_OBJC_MSGSEND = YES;
				ENABLE_USER_SCRIPT_SANDBOXING = YES;
				GCC_C_LANGUAGE_STANDARD = gnu17;
				GCC_NO_COMMON_BLOCKS = YES;
				GCC_WARN_64_TO_32_BIT_CONVERSION = YES;
				GCC_WARN_ABOUT_RETURN_TYPE = YES_ERROR;
				GCC_WARN_UNDECLARED_SELECTOR = YES;
				GCC_WARN_UNINITIALIZED_AUTOS = YES_AGGRESSIVE;
				GCC_WARN_UNUSED_FUNCTION = YES;
				GCC_WARN_UNUSED_VARIABLE = YES;
				IPHONEOS_DEPLOYMENT_TARGET = 18.0;
				LOCALIZATION_PREFERS_STRING_CATALOGS = YES;
				MTL_ENABLE_DEBUG_INFO = NO;
				MTL_FAST_MATH = YES;
				SDKROOT = iphoneos;
				SWIFT_COMPILATION_MODE = wholemodule;
				VALIDATE_PRODUCT = YES;
			};
			name = Release;
		};
		DD2D481B2F4268620087196B /* Debug */ = {
			isa = XCBuildConfiguration;
			buildSettings = {
				ASSETCATALOG_COMPILER_APPICON_NAME = AppIcon;
				ASSETCATALOG_COMPILER_GLOBAL_ACCENT_COLOR_NAME = AccentColor;
				CODE_SIGN_ENTITLEMENTS = "swift-ereader/swift-ereader.entitlements";
				CODE_SIGN_STYLE = Automatic;
				CURRENT_PROJECT_VERSION = 1;
				DEVELOPMENT_TEAM = HRZQ3X3G4Y;
				ENABLE_PREVIEWS = YES;
				GENERATE_INFOPLIST_FILE = YES;
				INFOPLIST_KEY_UIApplicationSceneManifest_Generation = YES;
				INFOPLIST_KEY_UIApplicationSupportsIndirectInputEvents = YES;
				INFOPLIST_KEY_UILaunchScreen_Generation = YES;
				INFOPLIST_KEY_UISupportedInterfaceOrientations_iPad = "UIInterfaceOrientationPortrait UIInterfaceOrientationPortraitUpsideDown UIInterfaceOrientationLandscapeLeft UIInterfaceOrientationLandscapeRight";
				INFOPLIST_KEY_UISupportedInterfaceOrientations_iPhone = "UIInterfaceOrientationPortrait UIInterfaceOrientationLandscapeLeft UIInterfaceOrientationLandscapeRight";
				LD_RUNPATH_SEARCH_PATHS = (
					"$(inherited)",
					"@executable_path/Frameworks",
				);
				MARKETING_VERSION = 1.0;
				PRODUCT_BUNDLE_IDENTIFIER = "com.jasmina.swift-ereader";
				PRODUCT_NAME = "$(TARGET_NAME)";
				STRING_CATALOG_GENERATE_SYMBOLS = YES;
				SWIFT_APPROACHABLE_CONCURRENCY = YES;
				SWIFT_DEFAULT_ACTOR_ISOLATION = MainActor;
				SWIFT_EMIT_LOC_STRINGS = YES;
				SWIFT_UPCOMING_FEATURE_MEMBER_IMPORT_VISIBILITY = YES;
				SWIFT_VERSION = 5.0;
				TARGETED_DEVICE_FAMILY = "1,2";
			};
			name = Debug;
		};
		DD2D481C2F4268620087196B /* Release */ = {
			isa = XCBuildConfiguration;
			buildSettings = {
				ASSETCATALOG_COMPILER_APPICON_NAME = AppIcon;
				ASSETCATALOG_COMPILER_GLOBAL_ACCENT_COLOR_NAME = AccentColor;
				CODE_SIGN_ENTITLEMENTS = "swift-ereader/swift-ereader.entitlements";
				CODE_SIGN_STYLE = Automatic;
				CURRENT_PROJECT_VERSION = 1;
				DEVELOPMENT_TEAM = HRZQ3X3G4Y;
				ENABLE_PREVIEWS = YES;
				GENERATE_INFOPLIST_FILE = YES;
				INFOPLIST_KEY_UIApplicationSceneManifest_Generation = YES;
				INFOPLIST_KEY_UIApplicationSupportsIndirectInputEvents = YES;
				INFOPLIST_KEY_UILaunchScreen_Generation = YES;
				INFOPLIST_KEY_UISupportedInterfaceOrientations_iPad = "UIInterfaceOrientationPortrait UIInterfaceOrientationPortraitUpsideDown UIInterfaceOrientationLandscapeLeft UIInterfaceOrientationLandscapeRight";
				INFOPLIST_KEY_UISupportedInterfaceOrientations_iPhone = "UIInterfaceOrientationPortrait UIInterfaceOrientationLandscapeLeft UIInterfaceOrientationLandscapeRight";
				LD_RUNPATH_SEARCH_PATHS = (
					"$(inherited)",
					"@executable_path/Frameworks",
				);
				MARKETING_VERSION = 1.0;
				PRODUCT_BUNDLE_IDENTIFIER = "com.jasmina.swift-ereader";
				PRODUCT_NAME = "$(TARGET_NAME)";
				STRING_CATALOG_GENERATE_SYMBOLS = YES;
				SWIFT_APPROACHABLE_CONCURRENCY = YES;
				SWIFT_DEFAULT_ACTOR_ISOLATION = MainActor;
				SWIFT_EMIT_LOC_STRINGS = YES;
				SWIFT_UPCOMING_FEATURE_MEMBER_IMPORT_VISIBILITY = YES;
				SWIFT_VERSION = 5.0;
				TARGETED_DEVICE_FAMILY = "1,2";
			};
			name = Release;
		};
		DD9A304D2F8162F000007CFF /* Debug */ = {
			isa = XCBuildConfiguration;
			buildSettings = {
				ASSETCATALOG_COMPILER_GLOBAL_ACCENT_COLOR_NAME = AccentColor;
				ASSETCATALOG_COMPILER_WIDGET_BACKGROUND_COLOR_NAME = WidgetBackground;
				CODE_SIGN_ENTITLEMENTS = "swift-ereader-widgetExtension.entitlements";
				CODE_SIGN_STYLE = Automatic;
				CURRENT_PROJECT_VERSION = 1;
				DEVELOPMENT_TEAM = HRZQ3X3G4Y;
				GENERATE_INFOPLIST_FILE = YES;
				INFOPLIST_FILE = "swift-ereader-widget/Info.plist";
				INFOPLIST_KEY_CFBundleDisplayName = "swift-ereader-widget";
				INFOPLIST_KEY_NSHumanReadableCopyright = "";
				IPHONEOS_DEPLOYMENT_TARGET = 18.0;
				LD_RUNPATH_SEARCH_PATHS = (
					"$(inherited)",
					"@executable_path/Frameworks",
					"@executable_path/../../Frameworks",
				);
				MARKETING_VERSION = 1.0;
				PRODUCT_BUNDLE_IDENTIFIER = "com.jasmina.swift-ereader.swift-ereader-widget";
				PRODUCT_NAME = "$(TARGET_NAME)";
				SKIP_INSTALL = YES;
				STRING_CATALOG_GENERATE_SYMBOLS = YES;
				SWIFT_APPROACHABLE_CONCURRENCY = YES;
				SWIFT_EMIT_LOC_STRINGS = YES;
				SWIFT_UPCOMING_FEATURE_MEMBER_IMPORT_VISIBILITY = YES;
				SWIFT_VERSION = 5.0;
				TARGETED_DEVICE_FAMILY = "1,2";
			};
			name = Debug;
		};
		DD9A304E2F8162F000007CFF /* Release */ = {
			isa = XCBuildConfiguration;
			buildSettings = {
				ASSETCATALOG_COMPILER_GLOBAL_ACCENT_COLOR_NAME = AccentColor;
				ASSETCATALOG_COMPILER_WIDGET_BACKGROUND_COLOR_NAME = WidgetBackground;
				CODE_SIGN_ENTITLEMENTS = "swift-ereader-widgetExtension.entitlements";
				CODE_SIGN_STYLE = Automatic;
				CURRENT_PROJECT_VERSION = 1;
				DEVELOPMENT_TEAM = HRZQ3X3G4Y;
				GENERATE_INFOPLIST_FILE = YES;
				INFOPLIST_FILE = "swift-ereader-widget/Info.plist";
				INFOPLIST_KEY_CFBundleDisplayName = "swift-ereader-widget";
				INFOPLIST_KEY_NSHumanReadableCopyright = "";
				IPHONEOS_DEPLOYMENT_TARGET = 18.0;
				LD_RUNPATH_SEARCH_PATHS = (
					"$(inherited)",
					"@executable_path/Frameworks",
					"@executable_path/../../Frameworks",
				);
				MARKETING_VERSION = 1.0;
				PRODUCT_BUNDLE_IDENTIFIER = "com.jasmina.swift-ereader.swift-ereader-widget";
				PRODUCT_NAME = "$(TARGET_NAME)";
				SKIP_INSTALL = YES;
				STRING_CATALOG_GENERATE_SYMBOLS = YES;
				SWIFT_APPROACHABLE_CONCURRENCY = YES;
				SWIFT_EMIT_LOC_STRINGS = YES;
				SWIFT_UPCOMING_FEATURE_MEMBER_IMPORT_VISIBILITY = YES;
				SWIFT_VERSION = 5.0;
				TARGETED_DEVICE_FAMILY = "1,2";
			};
			name = Release;
		};
/* End XCBuildConfiguration section */

/* Begin XCConfigurationList section */
		DD2D480A2F4268600087196B /* Build configuration list for PBXProject "swift-ereader" */ = {
			isa = XCConfigurationList;
			buildConfigurations = (
				DD2D48182F4268620087196B /* Debug */,
				DD2D48192F4268620087196B /* Release */,
			);
			defaultConfigurationIsVisible = 0;
			defaultConfigurationName = Release;
		};
		DD2D481A2F4268620087196B /* Build configuration list for PBXNativeTarget "swift-ereader" */ = {
			isa = XCConfigurationList;
			buildConfigurations = (
				DD2D481B2F4268620087196B /* Debug */,
				DD2D481C2F4268620087196B /* Release */,
			);
			defaultConfigurationIsVisible = 0;
			defaultConfigurationName = Release;
		};
		DD9A304C2F8162F000007CFF /* Build configuration list for PBXNativeTarget "swift-ereader-widgetExtension" */ = {
			isa = XCConfigurationList;
			buildConfigurations = (
				DD9A304D2F8162F000007CFF /* Debug */,
				DD9A304E2F8162F000007CFF /* Release */,
			);
			defaultConfigurationIsVisible = 0;
			defaultConfigurationName = Release;
		};
/* End XCConfigurationList section */

/* Begin XCRemoteSwiftPackageReference section */
		DDC890B12F7848F3008727F0 /* XCRemoteSwiftPackageReference "swift-toolkit" */ = {
			isa = XCRemoteSwiftPackageReference;
			repositoryURL = "https://github.com/readium/swift-toolkit";
			requirement = {
				kind = upToNextMajorVersion;
				minimumVersion = 3.8.0;
			};
		};
/* End XCRemoteSwiftPackageReference section */

/* Begin XCSwiftPackageProductDependency section */
		DDC890B22F7848F3008727F0 /* ReadiumNavigator */ = {
			isa = XCSwiftPackageProductDependency;
			package = DDC890B12F7848F3008727F0 /* XCRemoteSwiftPackageReference "swift-toolkit" */;
			productName = ReadiumNavigator;
		};
		DDC890B72F785E4B008727F0 /* ReadiumStreamer */ = {
			isa = XCSwiftPackageProductDependency;
			package = DDC890B12F7848F3008727F0 /* XCRemoteSwiftPackageReference "swift-toolkit" */;
			productName = ReadiumStreamer;
		};
		DDC890BB2F785F38008727F0 /* ReadiumShared */ = {
			isa = XCSwiftPackageProductDependency;
			package = DDC890B12F7848F3008727F0 /* XCRemoteSwiftPackageReference "swift-toolkit" */;
			productName = ReadiumShared;
		};
/* End XCSwiftPackageProductDependency section */
	};
	rootObject = DD2D48072F4268600087196B /* Project object */;
}
